// !$*UTF8*$!
{
	archiveVersion = 1;
	classes = {
	};
	objectVersion = 50;
	objects = {

/* Begin PBXBuildFile section */
		CC31862922768AF3002B57E3 /* AppDelegate.m in Sources */ = {isa = PBXBuildFile; fileRef = CC31862822768AF3002B57E3 /* AppDelegate.m */; };
		CC31862C22768AF3002B57E3 /* ViewController.m in Sources */ = {isa = PBXBuildFile; fileRef = CC31862B22768AF3002B57E3 /* ViewController.m */; };
		CC31862F22768AF3002B57E3 /* Main.storyboard in Resources */ = {isa = PBXBuildFile; fileRef = CC31862D22768AF3002B57E3 /* Main.storyboard */; };
		CC31863122768AF4002B57E3 /* Assets.xcassets in Resources */ = {isa = PBXBuildFile; fileRef = CC31863022768AF4002B57E3 /* Assets.xcassets */; };
		CC31863422768AF4002B57E3 /* LaunchScreen.storyboard in Resources */ = {isa = PBXBuildFile; fileRef = CC31863222768AF4002B57E3 /* LaunchScreen.storyboard */; };
		CC31863722768AF4002B57E3 /* main.m in Sources */ = {isa = PBXBuildFile; fileRef = CC31863622768AF4002B57E3 /* main.m */; };
		CC31866A22769D74002B57E3 /* MJPropertyType.m in Sources */ = {isa = PBXBuildFile; fileRef = CC31865822769D74002B57E3 /* MJPropertyType.m */; };
		CC31866B22769D74002B57E3 /* NSObject+MJKeyValue.m in Sources */ = {isa = PBXBuildFile; fileRef = CC31865B22769D74002B57E3 /* NSObject+MJKeyValue.m */; };
		CC31866C22769D74002B57E3 /* MJProperty.m in Sources */ = {isa = PBXBuildFile; fileRef = CC31865C22769D74002B57E3 /* MJProperty.m */; };
		CC31866D22769D74002B57E3 /* NSObject+MJCoding.m in Sources */ = {isa = PBXBuildFile; fileRef = CC31865E22769D74002B57E3 /* NSObject+MJCoding.m */; };
		CC31866E22769D74002B57E3 /* MJExtensionConst.m in Sources */ = {isa = PBXBuildFile; fileRef = CC31866022769D74002B57E3 /* MJExtensionConst.m */; };
		CC31866F22769D74002B57E3 /* NSObject+MJProperty.m in Sources */ = {isa = PBXBuildFile; fileRef = CC31866122769D74002B57E3 /* NSObject+MJProperty.m */; };
		CC31867022769D74002B57E3 /* NSObject+MJClass.m in Sources */ = {isa = PBXBuildFile; fileRef = CC31866322769D74002B57E3 /* NSObject+MJClass.m */; };
		CC31867122769D74002B57E3 /* NSString+MJExtension.m in Sources */ = {isa = PBXBuildFile; fileRef = CC31866422769D74002B57E3 /* NSString+MJExtension.m */; };
		CC31867222769D74002B57E3 /* MJPropertyKey.m in Sources */ = {isa = PBXBuildFile; fileRef = CC31866522769D74002B57E3 /* MJPropertyKey.m */; };
		CC31867322769D74002B57E3 /* MJFoundation.m in Sources */ = {isa = PBXBuildFile; fileRef = CC31866922769D74002B57E3 /* MJFoundation.m */; };
		CC31868F2276C76A002B57E3 /* YZLoginCompleteAddTitleAddressViewCell.xib in Resources */ = {isa = PBXBuildFile; fileRef = CC31867F2276C76A002B57E3 /* YZLoginCompleteAddTitleAddressViewCell.xib */; };
		CC3186902276C76A002B57E3 /* YZCompleteInfoLocationToolView.m in Sources */ = {isa = PBXBuildFile; fileRef = CC3186802276C76A002B57E3 /* YZCompleteInfoLocationToolView.m */; };
		CC3186912276C76A002B57E3 /* YZLoginCompleteAddTitleAddressViewCell.m in Sources */ = {isa = PBXBuildFile; fileRef = CC3186812276C76A002B57E3 /* YZLoginCompleteAddTitleAddressViewCell.m */; };
		CC3186922276C76A002B57E3 /* ZHFCityModel.m in Sources */ = {isa = PBXBuildFile; fileRef = CC3186832276C76A002B57E3 /* ZHFCityModel.m */; };
		CC3186932276C76A002B57E3 /* ZHFProvinceModel.m in Sources */ = {isa = PBXBuildFile; fileRef = CC3186842276C76A002B57E3 /* ZHFProvinceModel.m */; };
		CC3186942276C76A002B57E3 /* CountyModel.m in Sources */ = {isa = PBXBuildFile; fileRef = CC3186872276C76A002B57E3 /* CountyModel.m */; };
		CC3186952276C76A002B57E3 /* zhuxezuanzeguanbi@3x.png in Resources */ = {isa = PBXBuildFile; fileRef = CC31868A2276C76A002B57E3 /* zhuxezuanzeguanbi@3x.png */; };
		CC3186962276C76A002B57E3 /* zhuxezuanzeguanbi@2x.png in Resources */ = {isa = PBXBuildFile; fileRef = CC31868B2276C76A002B57E3 /* zhuxezuanzeguanbi@2x.png */; };
		CC3186972276C76A002B57E3 /* zhucexuanzhongduigou@2x.png in Resources */ = {isa = PBXBuildFile; fileRef = CC31868C2276C76A002B57E3 /* zhucexuanzhongduigou@2x.png */; };
		CC3186982276C76A002B57E3 /* zhucexuanzhongduigou@3x.png in Resources */ = {isa = PBXBuildFile; fileRef = CC31868D2276C76A002B57E3 /* zhucexuanzhongduigou@3x.png */; };
		CC3186992276C76A002B57E3 /* location.txt in Resources */ = {isa = PBXBuildFile; fileRef = CC31868E2276C76A002B57E3 /* location.txt */; };
/* End PBXBuildFile section */

/* Begin PBXFileReference section */
		CC31862422768AF3002B57E3 /* 仿京东地址选择器（点击可以自动选）.app */ = {isa = PBXFileReference; explicitFileType = wrapper.application; includeInIndex = 0; path = "仿京东地址选择器（点击可以自动选）.app"; sourceTree = BUILT_PRODUCTS_DIR; };
		CC31862722768AF3002B57E3 /* AppDelegate.h */ = {isa = PBXFileReference; lastKnownFileType = sourcecode.c.h; path = AppDelegate.h; sourceTree = "<group>"; };
		CC31862822768AF3002B57E3 /* AppDelegate.m */ = {isa = PBXFileReference; lastKnownFileType = sourcecode.c.objc; path = AppDelegate.m; sourceTree = "<group>"; };
		CC31862A22768AF3002B57E3 /* ViewController.h */ = {isa = PBXFileReference; lastKnownFileType = sourcecode.c.h; path = ViewController.h; sourceTree = "<group>"; };
		CC31862B22768AF3002B57E3 /* ViewController.m */ = {isa = PBXFileReference; lastKnownFileType = sourcecode.c.objc; path = ViewController.m; sourceTree = "<group>"; };
		CC31862E22768AF3002B57E3 /* Base */ = {isa = PBXFileReference; lastKnownFileType = file.storyboard; name = Base; path = Base.lproj/Main.storyboard; sourceTree = "<group>"; };
		CC31863022768AF4002B57E3 /* Assets.xcassets */ = {isa = PBXFileReference; lastKnownFileType = folder.assetcatalog; path = Assets.xcassets; sourceTree = "<group>"; };
		CC31863322768AF4002B57E3 /* Base */ = {isa = PBXFileReference; lastKnownFileType = file.storyboard; name = Base; path = Base.lproj/LaunchScreen.storyboard; sourceTree = "<group>"; };
		CC31863522768AF4002B57E3 /* Info.plist */ = {isa = PBXFileReference; lastKnownFileType = text.plist.xml; path = Info.plist; sourceTree = "<group>"; };
		CC31863622768AF4002B57E3 /* main.m */ = {isa = PBXFileReference; lastKnownFileType = sourcecode.c.objc; path = main.m; sourceTree = "<group>"; };
		CC31865522769D74002B57E3 /* MJPropertyKey.h */ = {isa = PBXFileReference; fileEncoding = 4; lastKnownFileType = sourcecode.c.h; path = MJPropertyKey.h; sourceTree = "<group>"; };
		CC31865622769D74002B57E3 /* NSObject+MJClass.h */ = {isa = PBXFileReference; fileEncoding = 4; lastKnownFileType = sourcecode.c.h; path = "NSObject+MJClass.h"; sourceTree = "<group>"; };
		CC31865722769D74002B57E3 /* NSString+MJExtension.h */ = {isa = PBXFileReference; fileEncoding = 4; lastKnownFileType = sourcecode.c.h; path = "NSString+MJExtension.h"; sourceTree = "<group>"; };
		CC31865822769D74002B57E3 /* MJPropertyType.m */ = {isa = PBXFileReference; fileEncoding = 4; lastKnownFileType = sourcecode.c.objc; path = MJPropertyType.m; sourceTree = "<group>"; };
		CC31865922769D74002B57E3 /* NSObject+MJProperty.h */ = {isa = PBXFileReference; fileEncoding = 4; lastKnownFileType = sourcecode.c.h; path = "NSObject+MJProperty.h"; sourceTree = "<group>"; };
		CC31865A22769D74002B57E3 /* MJExtensionConst.h */ = {isa = PBXFileReference; fileEncoding = 4; lastKnownFileType = sourcecode.c.h; path = MJExtensionConst.h; sourceTree = "<group>"; };
		CC31865B22769D74002B57E3 /* NSObject+MJKeyValue.m */ = {isa = PBXFileReference; fileEncoding = 4; lastKnownFileType = sourcecode.c.objc; path = "NSObject+MJKeyValue.m"; sourceTree = "<group>"; };
		CC31865C22769D74002B57E3 /* MJProperty.m */ = {isa = PBXFileReference; fileEncoding = 4; lastKnownFileType = sourcecode.c.objc; path = MJProperty.m; sourceTree = "<group>"; };
		CC31865D22769D74002B57E3 /* MJFoundation.h */ = {isa = PBXFileReference; fileEncoding = 4; lastKnownFileType = sourcecode.c.h; path = MJFoundation.h; sourceTree = "<group>"; };
		CC31865E22769D74002B57E3 /* NSObject+MJCoding.m */ = {isa = PBXFileReference; fileEncoding = 4; lastKnownFileType = sourcecode.c.objc; path = "NSObject+MJCoding.m"; sourceTree = "<group>"; };
		CC31865F22769D74002B57E3 /* MJExtension.h */ = {isa = PBXFileReference; fileEncoding = 4; lastKnownFileType = sourcecode.c.h; path = MJExtension.h; sourceTree = "<group>"; };
		CC31866022769D74002B57E3 /* MJExtensionConst.m */ = {isa = PBXFileReference; fileEncoding = 4; lastKnownFileType = sourcecode.c.objc; path = MJExtensionConst.m; sourceTree = "<group>"; };
		CC31866122769D74002B57E3 /* NSObject+MJProperty.m */ = {isa = PBXFileReference; fileEncoding = 4; lastKnownFileType = sourcecode.c.objc; path = "NSObject+MJProperty.m"; sourceTree = "<group>"; };
		CC31866222769D74002B57E3 /* MJPropertyType.h */ = {isa = PBXFileReference; fileEncoding = 4; lastKnownFileType = sourcecode.c.h; path = MJPropertyType.h; sourceTree = "<group>"; };
		CC31866322769D74002B57E3 /* NSObject+MJClass.m */ = {isa = PBXFileReference; fileEncoding = 4; lastKnownFileType = sourcecode.c.objc; path = "NSObject+MJClass.m"; sourceTree = "<group>"; };
		CC31866422769D74002B57E3 /* NSString+MJExtension.m */ = {isa = PBXFileReference; fileEncoding = 4; lastKnownFileType = sourcecode.c.objc; path = "NSString+MJExtension.m"; sourceTree = "<group>"; };
		CC31866522769D74002B57E3 /* MJPropertyKey.m */ = {isa = PBXFileReference; fileEncoding = 4; lastKnownFileType = sourcecode.c.objc; path = MJPropertyKey.m; sourceTree = "<group>"; };
		CC31866622769D74002B57E3 /* MJProperty.h */ = {isa = PBXFileReference; fileEncoding = 4; lastKnownFileType = sourcecode.c.h; path = MJProperty.h; sourceTree = "<group>"; };
		CC31866722769D74002B57E3 /* NSObject+MJKeyValue.h */ = {isa = PBXFileReference; fileEncoding = 4; lastKnownFileType = sourcecode.c.h; path = "NSObject+MJKeyValue.h"; sourceTree = "<group>"; };
		CC31866822769D74002B57E3 /* NSObject+MJCoding.h */ = {isa = PBXFileReference; fileEncoding = 4; lastKnownFileType = sourcecode.c.h; path = "NSObject+MJCoding.h"; sourceTree = "<group>"; };
		CC31866922769D74002B57E3 /* MJFoundation.m */ = {isa = PBXFileReference; fileEncoding = 4; lastKnownFileType = sourcecode.c.objc; path = MJFoundation.m; sourceTree = "<group>"; };
		CC31867D2276C76A002B57E3 /* YZLoginCompleteAddTitleAddressViewCell.h */ = {isa = PBXFileReference; fileEncoding = 4; lastKnownFileType = sourcecode.c.h; path = YZLoginCompleteAddTitleAddressViewCell.h; sourceTree = "<group>"; };
		CC31867E2276C76A002B57E3 /* YZCompleteInfoLocationToolView.h */ = {isa = PBXFileReference; fileEncoding = 4; lastKnownFileType = sourcecode.c.h; path = YZCompleteInfoLocationToolView.h; sourceTree = "<group>"; };
		CC31867F2276C76A002B57E3 /* YZLoginCompleteAddTitleAddressViewCell.xib */ = {isa = PBXFileReference; fileEncoding = 4; lastKnownFileType = file.xib; path = YZLoginCompleteAddTitleAddressViewCell.xib; sourceTree = "<group>"; };
		CC3186802276C76A002B57E3 /* YZCompleteInfoLocationToolView.m */ = {isa = PBXFileReference; fileEncoding = 4; lastKnownFileType = sourcecode.c.objc; path = YZCompleteInfoLocationToolView.m; sourceTree = "<group>"; };
		CC3186812276C76A002B57E3 /* YZLoginCompleteAddTitleAddressViewCell.m */ = {isa = PBXFileReference; fileEncoding = 4; lastKnownFileType = sourcecode.c.objc; path = YZLoginCompleteAddTitleAddressViewCell.m; sourceTree = "<group>"; };
		CC3186832276C76A002B57E3 /* ZHFCityModel.m */ = {isa = PBXFileReference; fileEncoding = 4; lastKnownFileType = sourcecode.c.objc; path = ZHFCityModel.m; sourceTree = "<group>"; };
		CC3186842276C76A002B57E3 /* ZHFProvinceModel.m */ = {isa = PBXFileReference; fileEncoding = 4; lastKnownFileType = sourcecode.c.objc; path = ZHFProvinceModel.m; sourceTree = "<group>"; };
		CC3186852276C76A002B57E3 /* CountyModel.h */ = {isa = PBXFileReference; fileEncoding = 4; lastKnownFileType = sourcecode.c.h; path = CountyModel.h; sourceTree = "<group>"; };
		CC3186862276C76A002B57E3 /* ZHFCityModel.h */ = {isa = PBXFileReference; fileEncoding = 4; lastKnownFileType = sourcecode.c.h; path = ZHFCityModel.h; sourceTree = "<group>"; };
		CC3186872276C76A002B57E3 /* CountyModel.m */ = {isa = PBXFileReference; fileEncoding = 4; lastKnownFileType = sourcecode.c.objc; path = CountyModel.m; sourceTree = "<group>"; };
		CC3186882276C76A002B57E3 /* ZHFProvinceModel.h */ = {isa = PBXFileReference; fileEncoding = 4; lastKnownFileType = sourcecode.c.h; path = ZHFProvinceModel.h; sourceTree = "<group>"; };
		CC31868A2276C76A002B57E3 /* zhuxezuanzeguanbi@3x.png */ = {isa = PBXFileReference; lastKnownFileType = image.png; path = "zhuxezuanzeguanbi@3x.png"; sourceTree = "<group>"; };
		CC31868B2276C76A002B57E3 /* zhuxezuanzeguanbi@2x.png */ = {isa = PBXFileReference; lastKnownFileType = image.png; path = "zhuxezuanzeguanbi@2x.png"; sourceTree = "<group>"; };
		CC31868C2276C76A002B57E3 /* zhucexuanzhongduigou@2x.png */ = {isa = PBXFileReference; lastKnownFileType = image.png; path = "zhucexuanzhongduigou@2x.png"; sourceTree = "<group>"; };
		CC31868D2276C76A002B57E3 /* zhucexuanzhongduigou@3x.png */ = {isa = PBXFileReference; lastKnownFileType = image.png; path = "zhucexuanzhongduigou@3x.png"; sourceTree = "<group>"; };
		CC31868E2276C76A002B57E3 /* location.txt */ = {isa = PBXFileReference; fileEncoding = 4; lastKnownFileType = text; path = location.txt; sourceTree = "<group>"; };
/* End PBXFileReference section */

/* Begin PBXFrameworksBuildPhase section */
		CC31862122768AF3002B57E3 /* Frameworks */ = {
			isa = PBXFrameworksBuildPhase;
			buildActionMask = 2147483647;
			files = (
			);
			runOnlyForDeploymentPostprocessing = 0;
		};
/* End PBXFrameworksBuildPhase section */

/* Begin PBXGroup section */
		CC31861B22768AF3002B57E3 = {
			isa = PBXGroup;
			children = (
				CC31862622768AF3002B57E3 /* 仿京东地址选择器（点击可以自动选） */,
				CC31862522768AF3002B57E3 /* Products */,
			);
			sourceTree = "<group>";
		};
		CC31862522768AF3002B57E3 /* Products */ = {
			isa = PBXGroup;
			children = (
				CC31862422768AF3002B57E3 /* 仿京东地址选择器（点击可以自动选）.app */,
			);
			name = Products;
			sourceTree = "<group>";
		};
		CC31862622768AF3002B57E3 /* 仿京东地址选择器（点击可以自动选） */ = {
			isa = PBXGroup;
			children = (
				CC31865422769D74002B57E3 /* MJExtension */,
				CC31863D22768E91002B57E3 /* addressChooseView */,
				CC31862722768AF3002B57E3 /* AppDelegate.h */,
				CC31862822768AF3002B57E3 /* AppDelegate.m */,
				CC31862A22768AF3002B57E3 /* ViewController.h */,
				CC31862B22768AF3002B57E3 /* ViewController.m */,
				CC31862D22768AF3002B57E3 /* Main.storyboard */,
				CC31863022768AF4002B57E3 /* Assets.xcassets */,
				CC31863222768AF4002B57E3 /* LaunchScreen.storyboard */,
				CC31863522768AF4002B57E3 /* Info.plist */,
				CC31863622768AF4002B57E3 /* main.m */,
			);
			path = "仿京东地址选择器（点击可以自动选）";
			sourceTree = "<group>";
		};
		CC31863D22768E91002B57E3 /* addressChooseView */ = {
			isa = PBXGroup;
			children = (
				CC31867C2276C76A002B57E3 /* View */,
				CC3186822276C76A002B57E3 /* Model */,
				CC3186892276C76A002B57E3 /* Resource */,
			);
			path = addressChooseView;
			sourceTree = "<group>";
		};
		CC31865422769D74002B57E3 /* MJExtension */ = {
			isa = PBXGroup;
			children = (
				CC31865522769D74002B57E3 /* MJPropertyKey.h */,
				CC31865622769D74002B57E3 /* NSObject+MJClass.h */,
				CC31865722769D74002B57E3 /* NSString+MJExtension.h */,
				CC31865822769D74002B57E3 /* MJPropertyType.m */,
				CC31865922769D74002B57E3 /* NSObject+MJProperty.h */,
				CC31865A22769D74002B57E3 /* MJExtensionConst.h */,
				CC31865B22769D74002B57E3 /* NSObject+MJKeyValue.m */,
				CC31865C22769D74002B57E3 /* MJProperty.m */,
				CC31865D22769D74002B57E3 /* MJFoundation.h */,
				CC31865E22769D74002B57E3 /* NSObject+MJCoding.m */,
				CC31865F22769D74002B57E3 /* MJExtension.h */,
				CC31866022769D74002B57E3 /* MJExtensionConst.m */,
				CC31866122769D74002B57E3 /* NSObject+MJProperty.m */,
				CC31866222769D74002B57E3 /* MJPropertyType.h */,
				CC31866322769D74002B57E3 /* NSObject+MJClass.m */,
				CC31866422769D74002B57E3 /* NSString+MJExtension.m */,
				CC31866522769D74002B57E3 /* MJPropertyKey.m */,
				CC31866622769D74002B57E3 /* MJProperty.h */,
				CC31866722769D74002B57E3 /* NSObject+MJKeyValue.h */,
				CC31866822769D74002B57E3 /* NSObject+MJCoding.h */,
				CC31866922769D74002B57E3 /* MJFoundation.m */,
			);
			path = MJExtension;
			sourceTree = "<group>";
		};
		CC31867C2276C76A002B57E3 /* View */ = {
			isa = PBXGroup;
			children = (
				CC31867D2276C76A002B57E3 /* YZLoginCompleteAddTitleAddressViewCell.h */,
				CC3186812276C76A002B57E3 /* YZLoginCompleteAddTitleAddressViewCell.m */,
				CC31867F2276C76A002B57E3 /* YZLoginCompleteAddTitleAddressViewCell.xib */,
				CC31867E2276C76A002B57E3 /* YZCompleteInfoLocationToolView.h */,
				CC3186802276C76A002B57E3 /* YZCompleteInfoLocationToolView.m */,
			);
			path = View;
			sourceTree = "<group>";
		};
		CC3186822276C76A002B57E3 /* Model */ = {
			isa = PBXGroup;
			children = (
				CC3186832276C76A002B57E3 /* ZHFCityModel.m */,
				CC3186842276C76A002B57E3 /* ZHFProvinceModel.m */,
				CC3186852276C76A002B57E3 /* CountyModel.h */,
				CC3186872276C76A002B57E3 /* CountyModel.m */,
				CC3186862276C76A002B57E3 /* ZHFCityModel.h */,
				CC3186882276C76A002B57E3 /* ZHFProvinceModel.h */,
			);
			path = Model;
			sourceTree = "<group>";
		};
		CC3186892276C76A002B57E3 /* Resource */ = {
			isa = PBXGroup;
			children = (
				CC31868A2276C76A002B57E3 /* zhuxezuanzeguanbi@3x.png */,
				CC31868B2276C76A002B57E3 /* zhuxezuanzeguanbi@2x.png */,
				CC31868C2276C76A002B57E3 /* zhucexuanzhongduigou@2x.png */,
				CC31868D2276C76A002B57E3 /* zhucexuanzhongduigou@3x.png */,
				CC31868E2276C76A002B57E3 /* location.txt */,
			);
			path = Resource;
			sourceTree = "<group>";
		};
/* End PBXGroup section */

/* Begin PBXNativeTarget section */
		CC31862322768AF3002B57E3 /* 仿京东地址选择器（点击可以自动选） */ = {
			isa = PBXNativeTarget;
			buildConfigurationList = CC31863A22768AF4002B57E3 /* Build configuration list for PBXNativeTarget "仿京东地址选择器（点击可以自动选）" */;
			buildPhases = (
				CC31862022768AF3002B57E3 /* Sources */,
				CC31862122768AF3002B57E3 /* Frameworks */,
				CC31862222768AF3002B57E3 /* Resources */,
			);
			buildRules = (
			);
			dependencies = (
			);
			name = "仿京东地址选择器（点击可以自动选）";
			productName = "仿京东地址选择器（点击可以自动选）";
			productReference = CC31862422768AF3002B57E3 /* 仿京东地址选择器（点击可以自动选）.app */;
			productType = "com.apple.product-type.application";
		};
/* End PBXNativeTarget section */

/* Begin PBXProject section */
		CC31861C22768AF3002B57E3 /* Project object */ = {
			isa = PBXProject;
			attributes = {
				LastUpgradeCheck = 1010;
				ORGANIZATIONNAME = yz;
				TargetAttributes = {
					CC31862322768AF3002B57E3 = {
						CreatedOnToolsVersion = 10.1;
					};
				};
			};
			buildConfigurationList = CC31861F22768AF3002B57E3 /* Build configuration list for PBXProject "仿京东地址选择器（点击可以自动选）" */;
			compatibilityVersion = "Xcode 9.3";
			developmentRegion = en;
			hasScannedForEncodings = 0;
			knownRegions = (
				en,
				Base,
			);
			mainGroup = CC31861B22768AF3002B57E3;
			productRefGroup = CC31862522768AF3002B57E3 /* Products */;
			projectDirPath = "";
			projectRoot = "";
			targets = (
				CC31862322768AF3002B57E3 /* 仿京东地址选择器（点击可以自动选） */,
			);
		};
/* End PBXProject section */

/* Begin PBXResourcesBuildPhase section */
		CC31862222768AF3002B57E3 /* Resources */ = {
			isa = PBXResourcesBuildPhase;
			buildActionMask = 2147483647;
			files = (
				CC31863422768AF4002B57E3 /* LaunchScreen.storyboard in Resources */,
				CC3186972276C76A002B57E3 /* zhucexuanzhongduigou@2x.png in Resources */,
				CC31863122768AF4002B57E3 /* Assets.xcassets in Resources */,
				CC3186952276C76A002B57E3 /* zhuxezuanzeguanbi@3x.png in Resources */,
				CC31868F2276C76A002B57E3 /* YZLoginCompleteAddTitleAddressViewCell.xib in Resources */,
				CC3186962276C76A002B57E3 /* zhuxezuanzeguanbi@2x.png in Resources */,
				CC3186992276C76A002B57E3 /* location.txt in Resources */,
				CC31862F22768AF3002B57E3 /* Main.storyboard in Resources */,
				CC3186982276C76A002B57E3 /* zhucexuanzhongduigou@3x.png in Resources */,
			);
			runOnlyForDeploymentPostprocessing = 0;
		};
/* End PBXResourcesBuildPhase section */

/* Begin PBXSourcesBuildPhase section */
		CC31862022768AF3002B57E3 /* Sources */ = {
			isa = PBXSourcesBuildPhase;
			buildActionMask = 2147483647;
			files = (
				CC31867322769D74002B57E3 /* MJFoundation.m in Sources */,
				CC3186942276C76A002B57E3 /* CountyModel.m in Sources */,
				CC3186932276C76A002B57E3 /* ZHFProvinceModel.m in Sources */,
				CC3186912276C76A002B57E3 /* YZLoginCompleteAddTitleAddressViewCell.m in Sources */,
				CC31862C22768AF3002B57E3 /* ViewController.m in Sources */,
				CC31866E22769D74002B57E3 /* MJExtensionConst.m in Sources */,
				CC31863722768AF4002B57E3 /* main.m in Sources */,
				CC31866B22769D74002B57E3 /* NSObject+MJKeyValue.m in Sources */,
				CC31866F22769D74002B57E3 /* NSObject+MJProperty.m in Sources */,
				CC31866A22769D74002B57E3 /* MJPropertyType.m in Sources */,
				CC31866D22769D74002B57E3 /* NSObject+MJCoding.m in Sources */,
				CC31866C22769D74002B57E3 /* MJProperty.m in Sources */,
				CC31867222769D74002B57E3 /* MJPropertyKey.m in Sources */,
				CC3186922276C76A002B57E3 /* ZHFCityModel.m in Sources */,
				CC31867022769D74002B57E3 /* NSObject+MJClass.m in Sources */,
				CC31867122769D74002B57E3 /* NSString+MJExtension.m in Sources */,
				CC3186902276C76A002B57E3 /* YZCompleteInfoLocationToolView.m in Sources */,
				CC31862922768AF3002B57E3 /* AppDelegate.m in Sources */,
			);
			runOnlyForDeploymentPostprocessing = 0;
		};
/* End PBXSourcesBuildPhase section */

/* Begin PBXVariantGroup section */
		CC31862D22768AF3002B57E3 /* Main.storyboard */ = {
			isa = PBXVariantGroup;
			children = (
				CC31862E22768AF3002B57E3 /* Base */,
			);
			name = Main.storyboard;
			sourceTree = "<group>";
		};
		CC31863222768AF4002B57E3 /* LaunchScreen.storyboard */ = {
			isa = PBXVariantGroup;
			children = (
				CC31863322768AF4002B57E3 /* Base */,
			);
			name = LaunchScreen.storyboard;
			sourceTree = "<group>";
		};
/* End PBXVariantGroup section */

/* Begin XCBuildConfiguration section */
		CC31863822768AF4002B57E3 /* Debug */ = {
			isa = XCBuildConfiguration;
			buildSettings = {
				ALWAYS_SEARCH_USER_PATHS = NO;
				CLANG_ANALYZER_NONNULL = YES;
				CLANG_ANALYZER_NUMBER_OBJECT_CONVERSION = YES_AGGRESSIVE;
				CLANG_CXX_LANGUAGE_STANDARD = "gnu++14";
				CLANG_CXX_LIBRARY = "libc++";
				CLANG_ENABLE_MODULES = YES;
				CLANG_ENABLE_OBJC_ARC = YES;
				CLANG_ENABLE_OBJC_WEAK = YES;
				CLANG_WARN_BLOCK_CAPTURE_AUTORELEASING = YES;
				CLANG_WARN_BOOL_CONVERSION = YES;
				CLANG_WARN_COMMA = YES;
				CLANG_WARN_CONSTANT_CONVERSION = YES;
				CLANG_WARN_DEPRECATED_OBJC_IMPLEMENTATIONS = YES;
				CLANG_WARN_DIRECT_OBJC_ISA_USAGE = YES_ERROR;
				CLANG_WARN_DOCUMENTATION_COMMENTS = YES;
				CLANG_WARN_EMPTY_BODY = YES;
				CLANG_WARN_ENUM_CONVERSION = YES;
				CLANG_WARN_INFINITE_RECURSION = YES;
				CLANG_WARN_INT_CONVERSION = YES;
				CLANG_WARN_NON_LITERAL_NULL_CONVERSION = YES;
				CLANG_WARN_OBJC_IMPLICIT_RETAIN_SELF = YES;
				CLANG_WARN_OBJC_LITERAL_CONVERSION = YES;
				CLANG_WARN_OBJC_ROOT_CLASS = YES_ERROR;
				CLANG_WARN_RANGE_LOOP_ANALYSIS = YES;
				CLANG_WARN_STRICT_PROTOTYPES = YES;
				CLANG_WARN_SUSPICIOUS_MOVE = YES;
				CLANG_WARN_UNGUARDED_AVAILABILITY = YES_AGGRESSIVE;
				CLANG_WARN_UNREACHABLE_CODE = YES;
				CLANG_WARN__DUPLICATE_METHOD_MATCH = YES;
				CODE_SIGN_IDENTITY = "iPhone Developer";
				COPY_PHASE_STRIP = NO;
				DEBUG_INFORMATION_FORMAT = dwarf;
				ENABLE_STRICT_OBJC_MSGSEND = YES;
				ENABLE_TESTABILITY = YES;
				GCC_C_LANGUAGE_STANDARD = gnu11;
				GCC_DYNAMIC_NO_PIC = NO;
				GCC_NO_COMMON_BLOCKS = YES;
				GCC_OPTIMIZATION_LEVEL = 0;
				GCC_PREPROCESSOR_DEFINITIONS = (
					"DEBUG=1",
					"$(inherited)",
				);
				GCC_WARN_64_TO_32_BIT_CONVERSION = YES;
				GCC_WARN_ABOUT_RETURN_TYPE = YES_ERROR;
				GCC_WARN_UNDECLARED_SELECTOR = YES;
				GCC_WARN_UNINITIALIZED_AUTOS = YES_AGGRESSIVE;
				GCC_WARN_UNUSED_FUNCTION = YES;
				GCC_WARN_UNUSED_VARIABLE = YES;
				IPHONEOS_DEPLOYMENT_TARGET = 12.1;
				MTL_ENABLE_DEBUG_INFO = INCLUDE_SOURCE;
				MTL_FAST_MATH = YES;
				ONLY_ACTIVE_ARCH = YES;
				SDKROOT = iphoneos;
			};
			name = Debug;
		};
		CC31863922768AF4002B57E3 /* Release */ = {
			isa = XCBuildConfiguration;
			buildSettings = {
				ALWAYS_SEARCH_USER_PATHS = NO;
				CLANG_ANALYZER_NONNULL = YES;
				CLANG_ANALYZER_NUMBER_OBJECT_CONVERSION = YES_AGGRESSIVE;
				CLANG_CXX_LANGUAGE_STANDARD = "gnu++14";
				CLANG_CXX_LIBRARY = "libc++";
				CLANG_ENABLE_MODULES = YES;
				CLANG_ENABLE_OBJC_ARC = YES;
				CLANG_ENABLE_OBJC_WEAK = YES;
				CLANG_WARN_BLOCK_CAPTURE_AUTORELEASING = YES;
				CLANG_WARN_BOOL_CONVERSION = YES;
				CLANG_WARN_COMMA = YES;
				CLANG_WARN_CONSTANT_CONVERSION = YES;
				CLANG_WARN_DEPRECATED_OBJC_IMPLEMENTATIONS = YES;
				CLANG_WARN_DIRECT_OBJC_ISA_USAGE = YES_ERROR;
				CLANG_WARN_DOCUMENTATION_COMMENTS = YES;
				CLANG_WARN_EMPTY_BODY = YES;
				CLANG_WARN_ENUM_CONVERSION = YES;
				CLANG_WARN_INFINITE_RECURSION = YES;
				CLANG_WARN_INT_CONVERSION = YES;
				CLANG_WARN_NON_LITERAL_NULL_CONVERSION = YES;
				CLANG_WARN_OBJC_IMPLICIT_RETAIN_SELF = YES;
				CLANG_WARN_OBJC_LITERAL_CONVERSION = YES;
				CLANG_WARN_OBJC_ROOT_CLASS = YES_ERROR;
				CLANG_WARN_RANGE_LOOP_ANALYSIS = YES;
				CLANG_WARN_STRICT_PROTOTYPES = YES;
				CLANG_WARN_SUSPICIOUS_MOVE = YES;
				CLANG_WARN_UNGUARDED_AVAILABILITY = YES_AGGRESSIVE;
				CLANG_WARN_UNREACHABLE_CODE = YES;
				CLANG_WARN__DUPLICATE_METHOD_MATCH = YES;
				CODE_SIGN_IDENTITY = "iPhone Developer";
				COPY_PHASE_STRIP = NO;
				DEBUG_INFORMATION_FORMAT = "dwarf-with-dsym";
				ENABLE_NS_ASSERTIONS = NO;
				ENABLE_STRICT_OBJC_MSGSEND = YES;
				GCC_C_LANGUAGE_STANDARD = gnu11;
				GCC_NO_COMMON_BLOCKS = YES;
				GCC_WARN_64_TO_32_BIT_CONVERSION = YES;
				GCC_WARN_ABOUT_RETURN_TYPE = YES_ERROR;
				GCC_WARN_UNDECLARED_SELECTOR = YES;
				GCC_WARN_UNINITIALIZED_AUTOS = YES_AGGRESSIVE;
				GCC_WARN_UNUSED_FUNCTION = YES;
				GCC_WARN_UNUSED_VARIABLE = YES;
				IPHONEOS_DEPLOYMENT_TARGET = 12.1;
				MTL_ENABLE_DEBUG_INFO = NO;
				MTL_FAST_MATH = YES;
				SDKROOT = iphoneos;
				VALIDATE_PRODUCT = YES;
			};
			name = Release;
		};
		CC31863B22768AF4002B57E3 /* Debug */ = {
			isa = XCBuildConfiguration;
			buildSettings = {
				ASSETCATALOG_COMPILER_APPICON_NAME = AppIcon;
				CODE_SIGN_STYLE = Automatic;
				DEVELOPMENT_TEAM = 73XC5KR96G;
				INFOPLIST_FILE = "仿京东地址选择器（点击可以自动选）/Info.plist";
				LD_RUNPATH_SEARCH_PATHS = (
					"$(inherited)",
					"@executable_path/Frameworks",
				);
				PRODUCT_BUNDLE_IDENTIFIER = "com.demo.yz.-----------------";
				PRODUCT_NAME = "$(TARGET_NAME)";
				TARGETED_DEVICE_FAMILY = "1,2";
			};
			name = Debug;
		};
		CC31863C22768AF4002B57E3 /* Release */ = {
			isa = XCBuildConfiguration;
			buildSettings = {
				ASSETCATALOG_COMPILER_APPICON_NAME = AppIcon;
				CODE_SIGN_STYLE = Automatic;
				DEVELOPMENT_TEAM = 73XC5KR96G;
				INFOPLIST_FILE = "仿京东地址选择器（点击可以自动选）/Info.plist";
				LD_RUNPATH_SEARCH_PATHS = (
					"$(inherited)",
					"@executable_path/Frameworks",
				);
				PRODUCT_BUNDLE_IDENTIFIER = "com.demo.yz.-----------------";
				PRODUCT_NAME = "$(TARGET_NAME)";
				TARGETED_DEVICE_FAMILY = "1,2";
			};
			name = Release;
		};
/* End XCBuildConfiguration section */

/* Begin XCConfigurationList section */
		CC31861F22768AF3002B57E3 /* Build configuration list for PBXProject "仿京东地址选择器（点击可以自动选）" */ = {
			isa = XCConfigurationList;
			buildConfigurations = (
				CC31863822768AF4002B57E3 /* Debug */,
				CC31863922768AF4002B57E3 /* Release */,
			);
			defaultConfigurationIsVisible = 0;
			defaultConfigurationName = Release;
		};
		CC31863A22768AF4002B57E3 /* Build configuration list for PBXNativeTarget "仿京东地址选择器（点击可以自动选）" */ = {
			isa = XCConfigurationList;
			buildConfigurations = (
				CC31863B22768AF4002B57E3 /* Debug */,
				CC31863C22768AF4002B57E3 /* Release */,
			);
			defaultConfigurationIsVisible = 0;
			defaultConfigurationName = Release;
		};
/* End XCConfigurationList section */
	};
	rootObject = CC31861C22768AF3002B57E3 /* Project object */;
}
